
Microsoft Visual Studio Solution File, Format Version 12.00
# Visual Studio 2013
VisualStudioVersion = 12.0.31101.0
MinimumVisualStudioVersion = 10.0.40219.1
Project("{FAE04EC0-301F-11D3-BF4B-00C04F79EFBC}") = "RipStudio", "RipStudio\RipStudio.csproj", "{C3922996-1439-4DC1-A824-E6A472D2E485}"
EndProject
Project("{8BC9CEB8-8B4A-11D0-8D11-00A0C91BC942}") = "AvisynthWrapper", "AvisynthWrapper\AvisynthWrapper.vcxproj", "{63C1E0E6-E378-4D56-B7AC-91D6329D9CAB}"
EndProject
Project("{8BC9CEB8-8B4A-11D0-8D11-00A0C91BC942}") = "libavs2wav", "libavs2wav\libavs2wav.vcxproj", "{5B3D9258-E976-4957-B7BF-A602E7DA802C}"
EndProject
Project("{8BC9CEB8-8B4A-11D0-8D11-00A0C91BC942}") = "libavs2flac", "libavs2flac\libavs2flac.vcxproj", "{6ACA8DE2-C3B6-476F-AB27-8E8992841B22}"
EndProject
Project("{8BC9CEB8-8B4A-11D0-8D11-00A0C91BC942}") = "libavs2aac", "libavs2aac\libavs2aac.vcxproj", "{502843AD-EA7F-465C-AC4B-6010E79B4B87}"
EndProject
Project("{8BC9CEB8-8B4A-11D0-8D11-00A0C91BC942}") = "libavs2x264", "libavs2x264\libavs2x264.vcxproj", "{49146FCE-7E0F-4306-BBA7-E4EA69DFE8C2}"
EndProject
Project("{8BC9CEB8-8B4A-11D0-8D11-00A0C91BC942}") = "libavs2x265", "libavs2x265\libavs2x265.vcxproj", "{C8DCB719-1836-46A4-A0FC-83B17177A4BF}"
EndProject
Project("{FAE04EC0-301F-11D3-BF4B-00C04F79EFBC}") = "libmuxer", "libmuxer\libmuxer.csproj", "{B88AA563-A090-4AC8-86BC-7C89451444F0}"
EndProject
Global
	GlobalSection(SolutionConfigurationPlatforms) = preSolution
		Debug|Any CPU = Debug|Any CPU
		Debug|Mixed Platforms = Debug|Mixed Platforms
		Debug|Win32 = Debug|Win32
		Debug|x64 = Debug|x64
		Debug|x86 = Debug|x86
		Release|Any CPU = Release|Any CPU
		Release|Mixed Platforms = Release|Mixed Platforms
		Release|Win32 = Release|Win32
		Release|x64 = Release|x64
		Release|x86 = Release|x86
	EndGlobalSection
	GlobalSection(ProjectConfigurationPlatforms) = postSolution
		{C3922996-1439-4DC1-A824-E6A472D2E485}.Debug|Any CPU.ActiveCfg = Debug|Any CPU
		{C3922996-1439-4DC1-A824-E6A472D2E485}.Debug|Any CPU.Build.0 = Debug|Any CPU
		{C3922996-1439-4DC1-A824-E6A472D2E485}.Debug|Mixed Platforms.ActiveCfg = Debug|Any CPU
		{C3922996-1439-4DC1-A824-E6A472D2E485}.Debug|Mixed Platforms.Build.0 = Debug|Any CPU
		{C3922996-1439-4DC1-A824-E6A472D2E485}.Debug|Win32.ActiveCfg = Debug|Any CPU
		{C3922996-1439-4DC1-A824-E6A472D2E485}.Debug|Win32.Build.0 = Debug|Any CPU
		{C3922996-1439-4DC1-A824-E6A472D2E485}.Debug|x64.ActiveCfg = Debug|x64
		{C3922996-1439-4DC1-A824-E6A472D2E485}.Debug|x64.Build.0 = Debug|x64
		{C3922996-1439-4DC1-A824-E6A472D2E485}.Debug|x86.ActiveCfg = Debug|Any CPU
		{C3922996-1439-4DC1-A824-E6A472D2E485}.Debug|x86.Build.0 = Debug|Any CPU
		{C3922996-1439-4DC1-A824-E6A472D2E485}.Release|Any CPU.ActiveCfg = Release|Any CPU
		{C3922996-1439-4DC1-A824-E6A472D2E485}.Release|Any CPU.Build.0 = Release|Any CPU
		{C3922996-1439-4DC1-A824-E6A472D2E485}.Release|Mixed Platforms.ActiveCfg = Release|Any CPU
		{C3922996-1439-4DC1-A824-E6A472D2E485}.Release|Mixed Platforms.Build.0 = Release|Any CPU
		{C3922996-1439-4DC1-A824-E6A472D2E485}.Release|Win32.ActiveCfg = Release|Any CPU
		{C3922996-1439-4DC1-A824-E6A472D2E485}.Release|x64.ActiveCfg = Release|x64
		{C3922996-1439-4DC1-A824-E6A472D2E485}.Release|x64.Build.0 = Release|x64
		{C3922996-1439-4DC1-A824-E6A472D2E485}.Release|x86.ActiveCfg = Release|Any CPU
		{C3922996-1439-4DC1-A824-E6A472D2E485}.Release|x86.Build.0 = Release|Any CPU
		{63C1E0E6-E378-4D56-B7AC-91D6329D9CAB}.Debug|Any CPU.ActiveCfg = Debug|Win32
		{63C1E0E6-E378-4D56-B7AC-91D6329D9CAB}.Debug|Mixed Platforms.ActiveCfg = Debug|Win32
		{63C1E0E6-E378-4D56-B7AC-91D6329D9CAB}.Debug|Mixed Platforms.Build.0 = Debug|Win32
		{63C1E0E6-E378-4D56-B7AC-91D6329D9CAB}.Debug|Win32.ActiveCfg = Debug|Win32
		{63C1E0E6-E378-4D56-B7AC-91D6329D9CAB}.Debug|Win32.Build.0 = Debug|Win32
		{63C1E0E6-E378-4D56-B7AC-91D6329D9CAB}.Debug|x64.ActiveCfg = Debug|x64
		{63C1E0E6-E378-4D56-B7AC-91D6329D9CAB}.Debug|x86.ActiveCfg = Debug|Win32
		{63C1E0E6-E378-4D56-B7AC-91D6329D9CAB}.Debug|x86.Build.0 = Debug|Win32
		{63C1E0E6-E378-4D56-B7AC-91D6329D9CAB}.Release|Any CPU.ActiveCfg = Release|Win32
		{63C1E0E6-E378-4D56-B7AC-91D6329D9CAB}.Release|Mixed Platforms.ActiveCfg = Release|Win32
		{63C1E0E6-E378-4D56-B7AC-91D6329D9CAB}.Release|Mixed Platforms.Build.0 = Release|Win32
		{63C1E0E6-E378-4D56-B7AC-91D6329D9CAB}.Release|Win32.ActiveCfg = Release|Win32
		{63C1E0E6-E378-4D56-B7AC-91D6329D9CAB}.Release|x64.ActiveCfg = Release|x64
		{63C1E0E6-E378-4D56-B7AC-91D6329D9CAB}.Release|x64.Build.0 = Release|x64
		{63C1E0E6-E378-4D56-B7AC-91D6329D9CAB}.Release|x86.ActiveCfg = Release|Win32
		{63C1E0E6-E378-4D56-B7AC-91D6329D9CAB}.Release|x86.Build.0 = Release|Win32
		{5B3D9258-E976-4957-B7BF-A602E7DA802C}.Debug|Any CPU.ActiveCfg = Debug|Win32
		{5B3D9258-E976-4957-B7BF-A602E7DA802C}.Debug|Mixed Platforms.ActiveCfg = Debug|Win32
		{5B3D9258-E976-4957-B7BF-A602E7DA802C}.Debug|Mixed Platforms.Build.0 = Debug|Win32
		{5B3D9258-E976-4957-B7BF-A602E7DA802C}.Debug|Win32.ActiveCfg = Debug|Win32
		{5B3D9258-E976-4957-B7BF-A602E7DA802C}.Debug|Win32.Build.0 = Debug|Win32
		{5B3D9258-E976-4957-B7BF-A602E7DA802C}.Debug|x64.ActiveCfg = Debug|x64
		{5B3D9258-E976-4957-B7BF-A602E7DA802C}.Debug|x86.ActiveCfg = Debug|Win32
		{5B3D9258-E976-4957-B7BF-A602E7DA802C}.Debug|x86.Build.0 = Debug|Win32
		{5B3D9258-E976-4957-B7BF-A602E7DA802C}.Release|Any CPU.ActiveCfg = Release|Win32
		{5B3D9258-E976-4957-B7BF-A602E7DA802C}.Release|Mixed Platforms.ActiveCfg = Release|Win32
		{5B3D9258-E976-4957-B7BF-A602E7DA802C}.Release|Mixed Platforms.Build.0 = Release|Win32
		{5B3D9258-E976-4957-B7BF-A602E7DA802C}.Release|Win32.ActiveCfg = Release|Win32
		{5B3D9258-E976-4957-B7BF-A602E7DA802C}.Release|Win32.Build.0 = Release|Win32
		{5B3D9258-E976-4957-B7BF-A602E7DA802C}.Release|x64.ActiveCfg = Release|x64
		{5B3D9258-E976-4957-B7BF-A602E7DA802C}.Release|x64.Build.0 = Release|x64
		{5B3D9258-E976-4957-B7BF-A602E7DA802C}.Release|x86.ActiveCfg = Release|Win32
		{5B3D9258-E976-4957-B7BF-A602E7DA802C}.Release|x86.Build.0 = Release|Win32
		{6ACA8DE2-C3B6-476F-AB27-8E8992841B22}.Debug|Any CPU.ActiveCfg = Debug|Win32
		{6ACA8DE2-C3B6-476F-AB27-8E8992841B22}.Debug|Mixed Platforms.ActiveCfg = Debug|Win32
		{6ACA8DE2-C3B6-476F-AB27-8E8992841B22}.Debug|Mixed Platforms.Build.0 = Debug|Win32
		{6ACA8DE2-C3B6-476F-AB27-8E8992841B22}.Debug|Win32.ActiveCfg = Debug|Win32
		{6ACA8DE2-C3B6-476F-AB27-8E8992841B22}.Debug|Win32.Build.0 = Debug|Win32
		{6ACA8DE2-C3B6-476F-AB27-8E8992841B22}.Debug|x64.ActiveCfg = Debug|x64
		{6ACA8DE2-C3B6-476F-AB27-8E8992841B22}.Debug|x86.ActiveCfg = Debug|Win32
		{6ACA8DE2-C3B6-476F-AB27-8E8992841B22}.Debug|x86.Build.0 = Debug|Win32
		{6ACA8DE2-C3B6-476F-AB27-8E8992841B22}.Release|Any CPU.ActiveCfg = Release|Win32
		{6ACA8DE2-C3B6-476F-AB27-8E8992841B22}.Release|Mixed Platforms.ActiveCfg = Release|Win32
		{6ACA8DE2-C3B6-476F-AB27-8E8992841B22}.Release|Mixed Platforms.Build.0 = Release|Win32
		{6ACA8DE2-C3B6-476F-AB27-8E8992841B22}.Release|Win32.ActiveCfg = Release|Win32
		{6ACA8DE2-C3B6-476F-AB27-8E8992841B22}.Release|Win32.Build.0 = Release|Win32
		{6ACA8DE2-C3B6-476F-AB27-8E8992841B22}.Release|x64.ActiveCfg = Release|x64
		{6ACA8DE2-C3B6-476F-AB27-8E8992841B22}.Release|x64.Build.0 = Release|x64
		{6ACA8DE2-C3B6-476F-AB27-8E8992841B22}.Release|x86.ActiveCfg = Release|Win32
		{6ACA8DE2-C3B6-476F-AB27-8E8992841B22}.Release|x86.Build.0 = Release|Win32
		{502843AD-EA7F-465C-AC4B-6010E79B4B87}.Debug|Any CPU.ActiveCfg = Debug|Win32
		{502843AD-EA7F-465C-AC4B-6010E79B4B87}.Debug|Mixed Platforms.ActiveCfg = Debug|Win32
		{502843AD-EA7F-465C-AC4B-6010E79B4B87}.Debug|Mixed Platforms.Build.0 = Debug|Win32
		{502843AD-EA7F-465C-AC4B-6010E79B4B87}.Debug|Win32.ActiveCfg = Debug|Win32
		{502843AD-EA7F-465C-AC4B-6010E79B4B87}.Debug|Win32.Build.0 = Debug|Win32
		{502843AD-EA7F-465C-AC4B-6010E79B4B87}.Debug|x64.ActiveCfg = Debug|x64
		{502843AD-EA7F-465C-AC4B-6010E79B4B87}.Debug|x86.ActiveCfg = Debug|Win32
		{502843AD-EA7F-465C-AC4B-6010E79B4B87}.Debug|x86.Build.0 = Debug|Win32
		{502843AD-EA7F-465C-AC4B-6010E79B4B87}.Release|Any CPU.ActiveCfg = Release|Win32
		{502843AD-EA7F-465C-AC4B-6010E79B4B87}.Release|Mixed Platforms.ActiveCfg = Release|Win32
		{502843AD-EA7F-465C-AC4B-6010E79B4B87}.Release|Mixed Platforms.Build.0 = Release|Win32
		{502843AD-EA7F-465C-AC4B-6010E79B4B87}.Release|Win32.ActiveCfg = Release|Win32
		{502843AD-EA7F-465C-AC4B-6010E79B4B87}.Release|Win32.Build.0 = Release|Win32
		{502843AD-EA7F-465C-AC4B-6010E79B4B87}.Release|x64.ActiveCfg = Release|x64
		{502843AD-EA7F-465C-AC4B-6010E79B4B87}.Release|x64.Build.0 = Release|x64
		{502843AD-EA7F-465C-AC4B-6010E79B4B87}.Release|x86.ActiveCfg = Release|Win32
		{502843AD-EA7F-465C-AC4B-6010E79B4B87}.Release|x86.Build.0 = Release|Win32
		{49146FCE-7E0F-4306-BBA7-E4EA69DFE8C2}.Debug|Any CPU.ActiveCfg = Debug|Win32
		{49146FCE-7E0F-4306-BBA7-E4EA69DFE8C2}.Debug|Mixed Platforms.ActiveCfg = Debug|Win32
		{49146FCE-7E0F-4306-BBA7-E4EA69DFE8C2}.Debug|Mixed Platforms.Build.0 = Debug|Win32
		{49146FCE-7E0F-4306-BBA7-E4EA69DFE8C2}.Debug|Win32.ActiveCfg = Debug|Win32
		{49146FCE-7E0F-4306-BBA7-E4EA69DFE8C2}.Debug|Win32.Build.0 = Debug|Win32
		{49146FCE-7E0F-4306-BBA7-E4EA69DFE8C2}.Debug|x64.ActiveCfg = Debug|x64
		{49146FCE-7E0F-4306-BBA7-E4EA69DFE8C2}.Debug|x86.ActiveCfg = Debug|Win32
		{49146FCE-7E0F-4306-BBA7-E4EA69DFE8C2}.Debug|x86.Build.0 = Debug|Win32
		{49146FCE-7E0F-4306-BBA7-E4EA69DFE8C2}.Release|Any CPU.ActiveCfg = Release|Win32
		{49146FCE-7E0F-4306-BBA7-E4EA69DFE8C2}.Release|Mixed Platforms.ActiveCfg = Release|Win32
		{49146FCE-7E0F-4306-BBA7-E4EA69DFE8C2}.Release|Mixed Platforms.Build.0 = Release|Win32
		{49146FCE-7E0F-4306-BBA7-E4EA69DFE8C2}.Release|Win32.ActiveCfg = Release|Win32
		{49146FCE-7E0F-4306-BBA7-E4EA69DFE8C2}.Release|Win32.Build.0 = Release|Win32
		{49146FCE-7E0F-4306-BBA7-E4EA69DFE8C2}.Release|x64.ActiveCfg = Release|x64
		{49146FCE-7E0F-4306-BBA7-E4EA69DFE8C2}.Release|x64.Build.0 = Release|x64
		{49146FCE-7E0F-4306-BBA7-E4EA69DFE8C2}.Release|x86.ActiveCfg = Release|Win32
		{49146FCE-7E0F-4306-BBA7-E4EA69DFE8C2}.Release|x86.Build.0 = Release|Win32
		{C8DCB719-1836-46A4-A0FC-83B17177A4BF}.Debug|Any CPU.ActiveCfg = Debug|Win32
		{C8DCB719-1836-46A4-A0FC-83B17177A4BF}.Debug|Mixed Platforms.ActiveCfg = Debug|Win32
		{C8DCB719-1836-46A4-A0FC-83B17177A4BF}.Debug|Mixed Platforms.Build.0 = Debug|Win32
		{C8DCB719-1836-46A4-A0FC-83B17177A4BF}.Debug|Win32.ActiveCfg = Debug|Win32
		{C8DCB719-1836-46A4-A0FC-83B17177A4BF}.Debug|Win32.Build.0 = Debug|Win32
		{C8DCB719-1836-46A4-A0FC-83B17177A4BF}.Debug|x64.ActiveCfg = Debug|x64
		{C8DCB719-1836-46A4-A0FC-83B17177A4BF}.Debug|x86.ActiveCfg = Debug|Win32
		{C8DCB719-1836-46A4-A0FC-83B17177A4BF}.Debug|x86.Build.0 = Debug|Win32
		{C8DCB719-1836-46A4-A0FC-83B17177A4BF}.Release|Any CPU.ActiveCfg = Release|Win32
		{C8DCB719-1836-46A4-A0FC-83B17177A4BF}.Release|Mixed Platforms.ActiveCfg = Release|Win32
		{C8DCB719-1836-46A4-A0FC-83B17177A4BF}.Release|Mixed Platforms.Build.0 = Release|Win32
		{C8DCB719-1836-46A4-A0FC-83B17177A4BF}.Release|Win32.ActiveCfg = Release|Win32
		{C8DCB719-1836-46A4-A0FC-83B17177A4BF}.Release|Win32.Build.0 = Release|Win32
		{C8DCB719-1836-46A4-A0FC-83B17177A4BF}.Release|x64.ActiveCfg = Release|x64
		{C8DCB719-1836-46A4-A0FC-83B17177A4BF}.Release|x64.Build.0 = Release|x64
		{C8DCB719-1836-46A4-A0FC-83B17177A4BF}.Release|x86.ActiveCfg = Release|Win32
		{C8DCB719-1836-46A4-A0FC-83B17177A4BF}.Release|x86.Build.0 = Release|Win32
		{B88AA563-A090-4AC8-86BC-7C89451444F0}.Debug|Any CPU.ActiveCfg = Debug|Any CPU
		{B88AA563-A090-4AC8-86BC-7C89451444F0}.Debug|Any CPU.Build.0 = Debug|Any CPU
		{B88AA563-A090-4AC8-86BC-7C89451444F0}.Debug|Mixed Platforms.ActiveCfg = Debug|Any CPU
		{B88AA563-A090-4AC8-86BC-7C89451444F0}.Debug|Mixed Platforms.Build.0 = Debug|Any CPU
		{B88AA563-A090-4AC8-86BC-7C89451444F0}.Debug|Win32.ActiveCfg = Debug|Any CPU
		{B88AA563-A090-4AC8-86BC-7C89451444F0}.Debug|x64.ActiveCfg = Debug|x64
		{B88AA563-A090-4AC8-86BC-7C89451444F0}.Debug|x64.Build.0 = Debug|x64
		{B88AA563-A090-4AC8-86BC-7C89451444F0}.Debug|x86.ActiveCfg = Debug|Any CPU
		{B88AA563-A090-4AC8-86BC-7C89451444F0}.Release|Any CPU.ActiveCfg = Release|Any CPU
		{B88AA563-A090-4AC8-86BC-7C89451444F0}.Release|Any CPU.Build.0 = Release|Any CPU
		{B88AA563-A090-4AC8-86BC-7C89451444F0}.Release|Mixed Platforms.ActiveCfg = Release|Any CPU
		{B88AA563-A090-4AC8-86BC-7C89451444F0}.Release|Mixed Platforms.Build.0 = Release|Any CPU
		{B88AA563-A090-4AC8-86BC-7C89451444F0}.Release|Win32.ActiveCfg = Release|Any CPU
		{B88AA563-A090-4AC8-86BC-7C89451444F0}.Release|x64.ActiveCfg = Release|x64
		{B88AA563-A090-4AC8-86BC-7C89451444F0}.Release|x64.Build.0 = Release|x64
		{B88AA563-A090-4AC8-86BC-7C89451444F0}.Release|x86.ActiveCfg = Release|Any CPU
		{B88AA563-A090-4AC8-86BC-7C89451444F0}.Release|x86.Build.0 = Release|Any CPU
	EndGlobalSection
	GlobalSection(SolutionProperties) = preSolution
		HideSolutionNode = FALSE
	EndGlobalSection
EndGlobal
